// !$*UTF8*$!
{
	archiveVersion = 1;
	classes = {
	};
	objectVersion = 50;
	objects = {

/* Begin PBXBuildFile section */
		DBE6783A2328ACBA00B13B52 /* AppDelegate.swift in Sources */ = {isa = PBXBuildFile; fileRef = DBE678392328ACBA00B13B52 /* AppDelegate.swift */; };
		DBE6783C2328ACBA00B13B52 /* ViewController.swift in Sources */ = {isa = PBXBuildFile; fileRef = DBE6783B2328ACBA00B13B52 /* ViewController.swift */; };
		DBE6783F2328ACBA00B13B52 /* Main.storyboard in Resources */ = {isa = PBXBuildFile; fileRef = DBE6783D2328ACBA00B13B52 /* Main.storyboard */; };
		DBE678412328ACBB00B13B52 /* Assets.xcassets in Resources */ = {isa = PBXBuildFile; fileRef = DBE678402328ACBB00B13B52 /* Assets.xcassets */; };
		DBE678442328ACBB00B13B52 /* LaunchScreen.storyboard in Resources */ = {isa = PBXBuildFile; fileRef = DBE678422328ACBB00B13B52 /* LaunchScreen.storyboard */; };
		DBE6784C2328DB2000B13B52 /* zombies.jpg in Resources */ = {isa = PBXBuildFile; fileRef = DBE6784B2328DB2000B13B52 /* zombies.jpg */; };
		DBE6784E2328FA4D00B13B52 /* Vampire Toucan.jpg in Resources */ = {isa = PBXBuildFile; fileRef = DBE6784D2328FA4D00B13B52 /* Vampire Toucan.jpg */; };
		DBEB51962329EBC0008BA611 /* toucan_skeleton.png in Resources */ = {isa = PBXBuildFile; fileRef = DBEB51932329EBC0008BA611 /* toucan_skeleton.png */; };
		DBEB51972329EBC0008BA611 /* toucan_musculature.png in Resources */ = {isa = PBXBuildFile; fileRef = DBEB51942329EBC0008BA611 /* toucan_musculature.png */; };
		DBEB51982329EBC0008BA611 /* toucan_surface.png in Resources */ = {isa = PBXBuildFile; fileRef = DBEB51952329EBC0008BA611 /* toucan_surface.png */; };
/* End PBXBuildFile section */

/* Begin PBXFileReference section */
		DBE678362328ACBA00B13B52 /* ScrollViewDemo.app */ = {isa = PBXFileReference; explicitFileType = wrapper.application; includeInIndex = 0; path = ScrollViewDemo.app; sourceTree = BUILT_PRODUCTS_DIR; };
		DBE678392328ACBA00B13B52 /* AppDelegate.swift */ = {isa = PBXFileReference; lastKnownFileType = sourcecode.swift; path = AppDelegate.swift; sourceTree = "<group>"; };
		DBE6783B2328ACBA00B13B52 /* ViewController.swift */ = {isa = PBXFileReference; lastKnownFileType = sourcecode.swift; path = ViewController.swift; sourceTree = "<group>"; };
		DBE6783E2328ACBA00B13B52 /* Base */ = {isa = PBXFileReference; lastKnownFileType = file.storyboard; name = Base; path = Base.lproj/Main.storyboard; sourceTree = "<group>"; };
		DBE678402328ACBB00B13B52 /* Assets.xcassets */ = {isa = PBXFileReference; lastKnownFileType = folder.assetcatalog; path = Assets.xcassets; sourceTree = "<group>"; };
		DBE678432328ACBB00B13B52 /* Base */ = {isa = PBXFileReference; lastKnownFileType = file.storyboard; name = Base; path = Base.lproj/LaunchScreen.storyboard; sourceTree = "<group>"; };
		DBE678452328ACBB00B13B52 /* Info.plist */ = {isa = PBXFileReference; lastKnownFileType = text.plist.xml; path = Info.plist; sourceTree = "<group>"; };
		DBE6784B2328DB2000B13B52 /* zombies.jpg */ = {isa = PBXFileReference; lastKnownFileType = image.jpeg; path = zombies.jpg; sourceTree = "<group>"; };
		DBE6784D2328FA4D00B13B52 /* Vampire Toucan.jpg */ = {isa = PBXFileReference; lastKnownFileType = image.jpeg; path = "Vampire Toucan.jpg"; sourceTree = "<group>"; };
		DBEB51932329EBC0008BA611 /* toucan_skeleton.png */ = {isa = PBXFileReference; lastKnownFileType = image.png; path = toucan_skeleton.png; sourceTree = "<group>"; };
		DBEB51942329EBC0008BA611 /* toucan_musculature.png */ = {isa = PBXFileReference; lastKnownFileType = image.png; path = toucan_musculature.png; sourceTree = "<group>"; };
		DBEB51952329EBC0008BA611 /* toucan_surface.png */ = {isa = PBXFileReference; lastKnownFileType = image.png; path = toucan_surface.png; sourceTree = "<group>"; };
/* End PBXFileReference section */

/* Begin PBXFrameworksBuildPhase section */
		DBE678332328ACBA00B13B52 /* Frameworks */ = {
			isa = PBXFrameworksBuildPhase;
			buildActionMask = 2147483647;
			files = (
			);
			runOnlyForDeploymentPostprocessing = 0;
		};
/* End PBXFrameworksBuildPhase section */

/* Begin PBXGroup section */
		DBE6782D2328ACBA00B13B52 = {
			isa = PBXGroup;
			children = (
				DBE678382328ACBA00B13B52 /* ScrollViewDemo */,
				DBE678372328ACBA00B13B52 /* Products */,
			);
			sourceTree = "<group>";
		};
		DBE678372328ACBA00B13B52 /* Products */ = {
			isa = PBXGroup;
			children = (
				DBE678362328ACBA00B13B52 /* ScrollViewDemo.app */,
			);
			name = Products;
			sourceTree = "<group>";
		};
		DBE678382328ACBA00B13B52 /* ScrollViewDemo */ = {
			isa = PBXGroup;
			children = (
				DBE678392328ACBA00B13B52 /* AppDelegate.swift */,
				DBE6783B2328ACBA00B13B52 /* ViewController.swift */,
				DBE6783D2328ACBA00B13B52 /* Main.storyboard */,
				DBE678402328ACBB00B13B52 /* Assets.xcassets */,
				DBE678422328ACBB00B13B52 /* LaunchScreen.storyboard */,
				DBE678452328ACBB00B13B52 /* Info.plist */,
				DBE6784B2328DB2000B13B52 /* zombies.jpg */,
				DBE6784D2328FA4D00B13B52 /* Vampire Toucan.jpg */,
				DBEB51952329EBC0008BA611 /* toucan_surface.png */,
				DBEB51932329EBC0008BA611 /* toucan_skeleton.png */,
				DBEB51942329EBC0008BA611 /* toucan_musculature.png */,
			);
			path = ScrollViewDemo;
			sourceTree = "<group>";
		};
/* End PBXGroup section */

/* Begin PBXNativeTarget section */
		DBE678352328ACBA00B13B52 /* ScrollViewDemo */ = {
			isa = PBXNativeTarget;
			buildConfigurationList = DBE678482328ACBB00B13B52 /* Build configuration list for PBXNativeTarget "ScrollViewDemo" */;
			buildPhases = (
				DBE678322328ACBA00B13B52 /* Sources */,
				DBE678332328ACBA00B13B52 /* Frameworks */,
				DBE678342328ACBA00B13B52 /* Resources */,
			);
			buildRules = (
			);
			dependencies = (
			);
			name = ScrollViewDemo;
			productName = ScrollViewDemo;
			productReference = DBE678362328ACBA00B13B52 /* ScrollViewDemo.app */;
			productType = "com.apple.product-type.application";
		};
/* End PBXNativeTarget section */

/* Begin PBXProject section */
		DBE6782E2328ACBA00B13B52 /* Project object */ = {
			isa = PBXProject;
			attributes = {
				LastSwiftUpdateCheck = 1030;
				LastUpgradeCheck = 1030;
				ORGANIZATIONNAME = idocnet;
				TargetAttributes = {
					DBE678352328ACBA00B13B52 = {
						CreatedOnToolsVersion = 10.3;
					};
				};
			};
			buildConfigurationList = DBE678312328ACBA00B13B52 /* Build configuration list for PBXProject "ScrollViewDemo" */;
			compatibilityVersion = "Xcode 9.3";
			developmentRegion = en;
			hasScannedForEncodings = 0;
			knownRegions = (
				en,
				Base,
			);
			mainGroup = DBE6782D2328ACBA00B13B52;
			productRefGroup = DBE678372328ACBA00B13B52 /* Products */;
			projectDirPath = "";
			projectRoot = "";
			targets = (
				DBE678352328ACBA00B13B52 /* ScrollViewDemo */,
			);
		};
/* End PBXProject section */

/* Begin PBXResourcesBuildPhase section */
		DBE678342328ACBA00B13B52 /* Resources */ = {
			isa = PBXResourcesBuildPhase;
			buildActionMask = 2147483647;
			files = (
				DBE678442328ACBB00B13B52 /* LaunchScreen.storyboard in Resources */,
				DBE6784E2328FA4D00B13B52 /* Vampire Toucan.jpg in Resources */,
				DBEB51962329EBC0008BA611 /* toucan_skeleton.png in Resources */,
				DBEB51972329EBC0008BA611 /* toucan_musculature.png in Resources */,
				DBE678412328ACBB00B13B52 /* Assets.xcassets in Resources */,
				DBE6783F2328ACBA00B13B52 /* Main.storyboard in Resources */,
				DBE6784C2328DB2000B13B52 /* zombies.jpg in Resources */,
				DBEB51982329EBC0008BA611 /* toucan_surface.png in Resources */,
			);
			runOnlyForDeploymentPostprocessing = 0;
		};
/* End PBXResourcesBuildPhase section */

/* Begin PBXSourcesBuildPhase section */
		DBE678322328ACBA00B13B52 /* Sources */ = {
			isa = PBXSourcesBuildPhase;
			buildActionMask = 2147483647;
			files = (
				DBE6783C2328ACBA00B13B52 /* ViewController.swift in Sources */,
				DBE6783A2328ACBA00B13B52 /* AppDelegate.swift in Sources */,
			);
			runOnlyForDeploymentPostprocessing = 0;
		};
/* End PBXSourcesBuildPhase section */

/* Begin PBXVariantGroup section */
		DBE6783D2328ACBA00B13B52 /* Main.storyboard */ = {
			isa = PBXVariantGroup;
			children = (
				DBE6783E2328ACBA00B13B52 /* Base */,
			);
			name = Main.storyboard;
			sourceTree = "<group>";
		};
		DBE678422328ACBB00B13B52 /* LaunchScreen.storyboard */ = {
			isa = PBXVariantGroup;
			children = (
				DBE678432328ACBB00B13B52 /* Base */,
			);
			name = LaunchScreen.storyboard;
			sourceTree = "<group>";
		};
/* End PBXVariantGroup section */

/* Begin XCBuildConfiguration section */
		DBE678462328ACBB00B13B52 /* Debug */ = {
			isa = XCBuildConfiguration;
			buildSettings = {
				ALWAYS_SEARCH_USER_PATHS = NO;
				CLANG_ANALYZER_NONNULL = YES;
				CLANG_ANALYZER_NUMBER_OBJECT_CONVERSION = YES_AGGRESSIVE;
				CLANG_CXX_LANGUAGE_STANDARD = "gnu++14";
				CLANG_CXX_LIBRARY = "libc++";
				CLANG_ENABLE_MODULES = YES;
				CLANG_ENABLE_OBJC_ARC = YES;
				CLANG_ENABLE_OBJC_WEAK = YES;
				CLANG_WARN_BLOCK_CAPTURE_AUTORELEASING = YES;
				CLANG_WARN_BOOL_CONVERSION = YES;
				CLANG_WARN_COMMA = YES;
				CLANG_WARN_CONSTANT_CONVERSION = YES;
				CLANG_WARN_DEPRECATED_OBJC_IMPLEMENTATIONS = YES;
				CLANG_WARN_DIRECT_OBJC_ISA_USAGE = YES_ERROR;
				CLANG_WARN_DOCUMENTATION_COMMENTS = YES;
				CLANG_WARN_EMPTY_BODY = YES;
				CLANG_WARN_ENUM_CONVERSION = YES;
				CLANG_WARN_INFINITE_RECURSION = YES;
				CLANG_WARN_INT_CONVERSION = YES;
				CLANG_WARN_NON_LITERAL_NULL_CONVERSION = YES;
				CLANG_WARN_OBJC_IMPLICIT_RETAIN_SELF = YES;
				CLANG_WARN_OBJC_LITERAL_CONVERSION = YES;
				CLANG_WARN_OBJC_ROOT_CLASS = YES_ERROR;
				CLANG_WARN_RANGE_LOOP_ANALYSIS = YES;
				CLANG_WARN_STRICT_PROTOTYPES = YES;
				CLANG_WARN_SUSPICIOUS_MOVE = YES;
				CLANG_WARN_UNGUARDED_AVAILABILITY = YES_AGGRESSIVE;
				CLANG_WARN_UNREACHABLE_CODE = YES;
				CLANG_WARN__DUPLICATE_METHOD_MATCH = YES;
				CODE_SIGN_IDENTITY = "iPhone Developer";
				COPY_PHASE_STRIP = NO;
				DEBUG_INFORMATION_FORMAT = dwarf;
				ENABLE_STRICT_OBJC_MSGSEND = YES;
				ENABLE_TESTABILITY = YES;
				GCC_C_LANGUAGE_STANDARD = gnu11;
				GCC_DYNAMIC_NO_PIC = NO;
				GCC_NO_COMMON_BLOCKS = YES;
				GCC_OPTIMIZATION_LEVEL = 0;
				GCC_PREPROCESSOR_DEFINITIONS = (
					"DEBUG=1",
					"$(inherited)",
				);
				GCC_WARN_64_TO_32_BIT_CONVERSION = YES;
				GCC_WARN_ABOUT_RETURN_TYPE = YES_ERROR;
				GCC_WARN_UNDECLARED_SELECTOR = YES;
				GCC_WARN_UNINITIALIZED_AUTOS = YES_AGGRESSIVE;
				GCC_WARN_UNUSED_FUNCTION = YES;
				GCC_WARN_UNUSED_VARIABLE = YES;
				IPHONEOS_DEPLOYMENT_TARGET = 12.4;
				MTL_ENABLE_DEBUG_INFO = INCLUDE_SOURCE;
				MTL_FAST_MATH = YES;
				ONLY_ACTIVE_ARCH = YES;
				SDKROOT = iphoneos;
				SWIFT_ACTIVE_COMPILATION_CONDITIONS = DEBUG;
				SWIFT_OPTIMIZATION_LEVEL = "-Onone";
			};
			name = Debug;
		};
		DBE678472328ACBB00B13B52 /* Release */ = {
			isa = XCBuildConfiguration;
			buildSettings = {
				ALWAYS_SEARCH_USER_PATHS = NO;
				CLANG_ANALYZER_NONNULL = YES;
				CLANG_ANALYZER_NUMBER_OBJECT_CONVERSION = YES_AGGRESSIVE;
				CLANG_CXX_LANGUAGE_STANDARD = "gnu++14";
				CLANG_CXX_LIBRARY = "libc++";
				CLANG_ENABLE_MODULES = YES;
				CLANG_ENABLE_OBJC_ARC = YES;
				CLANG_ENABLE_OBJC_WEAK = YES;
				CLANG_WARN_BLOCK_CAPTURE_AUTORELEASING = YES;
				CLANG_WARN_BOOL_CONVERSION = YES;
				CLANG_WARN_COMMA = YES;
				CLANG_WARN_CONSTANT_CONVERSION = YES;
				CLANG_WARN_DEPRECATED_OBJC_IMPLEMENTATIONS = YES;
				CLANG_WARN_DIRECT_OBJC_ISA_USAGE = YES_ERROR;
				CLANG_WARN_DOCUMENTATION_COMMENTS = YES;
				CLANG_WARN_EMPTY_BODY = YES;
				CLANG_WARN_ENUM_CONVERSION = YES;
				CLANG_WARN_INFINITE_RECURSION = YES;
				CLANG_WARN_INT_CONVERSION = YES;
				CLANG_WARN_NON_LITERAL_NULL_CONVERSION = YES;
				CLANG_WARN_OBJC_IMPLICIT_RETAIN_SELF = YES;
				CLANG_WARN_OBJC_LITERAL_CONVERSION = YES;
				CLANG_WARN_OBJC_ROOT_CLASS = YES_ERROR;
				CLANG_WARN_RANGE_LOOP_ANALYSIS = YES;
				CLANG_WARN_STRICT_PROTOTYPES = YES;
				CLANG_WARN_SUSPICIOUS_MOVE = YES;
				CLANG_WARN_UNGUARDED_AVAILABILITY = YES_AGGRESSIVE;
				CLANG_WARN_UNREACHABLE_CODE = YES;
				CLANG_WARN__DUPLICATE_METHOD_MATCH = YES;
				CODE_SIGN_IDENTITY = "iPhone Developer";
				COPY_PHASE_STRIP = NO;
				DEBUG_INFORMATION_FORMAT = "dwarf-with-dsym";
				ENABLE_NS_ASSERTIONS = NO;
				ENABLE_STRICT_OBJC_MSGSEND = YES;
				GCC_C_LANGUAGE_STANDARD = gnu11;
				GCC_NO_COMMON_BLOCKS = YES;
				GCC_WARN_64_TO_32_BIT_CONVERSION = YES;
				GCC_WARN_ABOUT_RETURN_TYPE = YES_ERROR;
				GCC_WARN_UNDECLARED_SELECTOR = YES;
				GCC_WARN_UNINITIALIZED_AUTOS = YES_AGGRESSIVE;
				GCC_WARN_UNUSED_FUNCTION = YES;
				GCC_WARN_UNUSED_VARIABLE = YES;
				IPHONEOS_DEPLOYMENT_TARGET = 12.4;
				MTL_ENABLE_DEBUG_INFO = NO;
				MTL_FAST_MATH = YES;
				SDKROOT = iphoneos;
				SWIFT_COMPILATION_MODE = wholemodule;
				SWIFT_OPTIMIZATION_LEVEL = "-O";
				VALIDATE_PRODUCT = YES;
			};
			name = Release;
		};
		DBE678492328ACBB00B13B52 /* Debug */ = {
			isa = XCBuildConfiguration;
			buildSettings = {
				ASSETCATALOG_COMPILER_APPICON_NAME = AppIcon;
				CODE_SIGN_STYLE = Automatic;
				DEVELOPMENT_TEAM = BBXTXXADT9;
				INFOPLIST_FILE = ScrollViewDemo/Info.plist;
				IPHONEOS_DEPLOYMENT_TARGET = 12.3;
				LD_RUNPATH_SEARCH_PATHS = (
					"$(inherited)",
					"@executable_path/Frameworks",
				);
				PRODUCT_BUNDLE_IDENTIFIER = com.idocnet.ScrollViewDemo;
				PRODUCT_NAME = "$(TARGET_NAME)";
				SWIFT_VERSION = 5.0;
				TARGETED_DEVICE_FAMILY = "1,2";
			};
			name = Debug;
		};
		DBE6784A2328ACBB00B13B52 /* Release */ = {
			isa = XCBuildConfiguration;
			buildSettings = {
				ASSETCATALOG_COMPILER_APPICON_NAME = AppIcon;
				CODE_SIGN_STYLE = Automatic;
				DEVELOPMENT_TEAM = BBXTXXADT9;
				INFOPLIST_FILE = ScrollViewDemo/Info.plist;
				IPHONEOS_DEPLOYMENT_TARGET = 12.3;
				LD_RUNPATH_SEARCH_PATHS = (
					"$(inherited)",
					"@executable_path/Frameworks",
				);
				PRODUCT_BUNDLE_IDENTIFIER = com.idocnet.ScrollViewDemo;
				PRODUCT_NAME = "$(TARGET_NAME)";
				SWIFT_VERSION = 5.0;
				TARGETED_DEVICE_FAMILY = "1,2";
			};
			name = Release;
		};
/* End XCBuildConfiguration section */

/* Begin XCConfigurationList section */
		DBE678312328ACBA00B13B52 /* Build configuration list for PBXProject "ScrollViewDemo" */ = {
			isa = XCConfigurationList;
			buildConfigurations = (
				DBE678462328ACBB00B13B52 /* Debug */,
				DBE678472328ACBB00B13B52 /* Release */,
			);
			defaultConfigurationIsVisible = 0;
			defaultConfigurationName = Release;
		};
		DBE678482328ACBB00B13B52 /* Build configuration list for PBXNativeTarget "ScrollViewDemo" */ = {
			isa = XCConfigurationList;
			buildConfigurations = (
				DBE678492328ACBB00B13B52 /* Debug */,
				DBE6784A2328ACBB00B13B52 /* Release */,
			);
			defaultConfigurationIsVisible = 0;
			defaultConfigurationName = Release;
		};
/* End XCConfigurationList section */
	};
	rootObject = DBE6782E2328ACBA00B13B52 /* Project object */;
}
